
Microsoft Visual Studio Solution File, Format Version 12.00
# Visual Studio Version 17
VisualStudioVersion = 17.0.31903.59
MinimumVisualStudioVersion = 10.0.40219.1
Project("{FAE04EC0-301F-11D3-BF4B-00C04F79EFBC}") = "ShowTracker.API", "ShowTracker.API\ShowTracker.API.csproj", "{7845ACFC-4D7D-4B64-A0FF-9CD95502185C}"
EndProject
Project("{FAE04EC0-301F-11D3-BF4B-00C04F79EFBC}") = "ShowTracker.Core", "ShowTracker.Core\ShowTracker.Core.csproj", "{26109588-8406-42EF-BBEB-96BA2D5433D2}"
EndProject
Project("{FAE04EC0-301F-11D3-BF4B-00C04F79EFBC}") = "ShowTracker.Infrastructure", "ShowTracker.Infrastructure\ShowTracker.Infrastructure.csproj", "{33CE226E-AD92-4F58-84BF-1777E60879B9}"
EndProject
Global
	GlobalSection(SolutionConfigurationPlatforms) = preSolution
		Debug|Any CPU = Debug|Any CPU
		Release|Any CPU = Release|Any CPU
	EndGlobalSection
	GlobalSection(ProjectConfigurationPlatforms) = postSolution
		{7845ACFC-4D7D-4B64-A0FF-9CD95502185C}.Debug|Any CPU.ActiveCfg = Debug|Any CPU
		{7845ACFC-4D7D-4B64-A0FF-9CD95502185C}.Debug|Any CPU.Build.0 = Debug|Any CPU
		{7845ACFC-4D7D-4B64-A0FF-9CD95502185C}.Release|Any CPU.ActiveCfg = Release|Any CPU
		{7845ACFC-4D7D-4B64-A0FF-9CD95502185C}.Release|Any CPU.Build.0 = Release|Any CPU
		{26109588-8406-42EF-BBEB-96BA2D5433D2}.Debug|Any CPU.ActiveCfg = Debug|Any CPU
		{26109588-8406-42EF-BBEB-96BA2D5433D2}.Debug|Any CPU.Build.0 = Debug|Any CPU
		{26109588-8406-42EF-BBEB-96BA2D5433D2}.Release|Any CPU.ActiveCfg = Release|Any CPU
		{26109588-8406-42EF-BBEB-96BA2D5433D2}.Release|Any CPU.Build.0 = Release|Any CPU
		{33CE226E-AD92-4F58-84BF-1777E60879B9}.Debug|Any CPU.ActiveCfg = Debug|Any CPU
		{33CE226E-AD92-4F58-84BF-1777E60879B9}.Debug|Any CPU.Build.0 = Debug|Any CPU
		{33CE226E-AD92-4F58-84BF-1777E60879B9}.Release|Any CPU.ActiveCfg = Release|Any CPU
		{33CE226E-AD92-4F58-84BF-1777E60879B9}.Release|Any CPU.Build.0 = Release|Any CPU
	EndGlobalSection
	GlobalSection(SolutionProperties) = preSolution
		HideSolutionNode = FALSE
	EndGlobalSection
	GlobalSection(ExtensibilityGlobals) = postSolution
		SolutionGuid = {E208ACAE-E84D-40D6-9A3E-3525F6BF30E5}
	EndGlobalSection
EndGlobal
